
Microsoft Visual Studio Solution File, Format Version 12.00
# Visual Studio Version 16
VisualStudioVersion = 16.0.30907.101
MinimumVisualStudioVersion = 10.0.40219.1
Project("{FAE04EC0-301F-11D3-BF4B-00C04F79EFBC}") = "EmployeeServiceWebAPI", "EmployeeServiceWebAPI\EmployeeServiceWebAPI.csproj", "{9CA0FB17-505B-4E5B-BCC0-48855832CCD2}"
EndProject
Global
	GlobalSection(SolutionConfigurationPlatforms) = preSolution
		Debug|Any CPU = Debug|Any CPU
		Release|Any CPU = Release|Any CPU
	EndGlobalSection
	GlobalSection(ProjectConfigurationPlatforms) = postSolution
		{9CA0FB17-505B-4E5B-BCC0-48855832CCD2}.Debug|Any CPU.ActiveCfg = Debug|Any CPU
		{9CA0FB17-505B-4E5B-BCC0-48855832CCD2}.Debug|Any CPU.Build.0 = Debug|Any CPU
		{9CA0FB17-505B-4E5B-BCC0-48855832CCD2}.Release|Any CPU.ActiveCfg = Release|Any CPU
		{9CA0FB17-505B-4E5B-BCC0-48855832CCD2}.Release|Any CPU.Build.0 = Release|Any CPU
	EndGlobalSection
	GlobalSection(SolutionProperties) = preSolution
		HideSolutionNode = FALSE
	EndGlobalSection
	GlobalSection(ExtensibilityGlobals) = postSolution
		SolutionGuid = {2C316334-1927-4A88-8C02-1B05C131DE0C}
	EndGlobalSection
EndGlobal
